// !$*UTF8*$!
{
	archiveVersion = 1;
	classes = {
	};
	objectVersion = 50;
	objects = {

/* Begin PBXBuildFile section */
		3A1CF1D425B4620C005F7E31 /* AppDelegate.swift in Sources */ = {isa = PBXBuildFile; fileRef = 3A1CF1D325B4620C005F7E31 /* AppDelegate.swift */; };
		3A1CF1D625B4620C005F7E31 /* SceneDelegate.swift in Sources */ = {isa = PBXBuildFile; fileRef = 3A1CF1D525B4620C005F7E31 /* SceneDelegate.swift */; };
		3A1CF1D825B4620C005F7E31 /* ViewController.swift in Sources */ = {isa = PBXBuildFile; fileRef = 3A1CF1D725B4620C005F7E31 /* ViewController.swift */; };
		3A1CF1DB25B4620C005F7E31 /* Main.storyboard in Resources */ = {isa = PBXBuildFile; fileRef = 3A1CF1D925B4620C005F7E31 /* Main.storyboard */; };
		3A1CF1DD25B4620D005F7E31 /* Assets.xcassets in Resources */ = {isa = PBXBuildFile; fileRef = 3A1CF1DC25B4620D005F7E31 /* Assets.xcassets */; };
		3A1CF1E025B4620D005F7E31 /* LaunchScreen.storyboard in Resources */ = {isa = PBXBuildFile; fileRef = 3A1CF1DE25B4620D005F7E31 /* LaunchScreen.storyboard */; };
		3A1CF1E925B498DE005F7E31 /* CircleView.xib in Resources */ = {isa = PBXBuildFile; fileRef = 3A1CF1E825B498DE005F7E31 /* CircleView.xib */; };
		3A1CF1EC25B49903005F7E31 /* CircleView.swift in Sources */ = {isa = PBXBuildFile; fileRef = 3A1CF1EB25B49903005F7E31 /* CircleView.swift */; };
/* End PBXBuildFile section */

/* Begin PBXFileReference section */
		3A1CF1D025B4620C005F7E31 /* blueCirclesGameXIB.app */ = {isa = PBXFileReference; explicitFileType = wrapper.application; includeInIndex = 0; path = blueCirclesGameXIB.app; sourceTree = BUILT_PRODUCTS_DIR; };
		3A1CF1D325B4620C005F7E31 /* AppDelegate.swift */ = {isa = PBXFileReference; lastKnownFileType = sourcecode.swift; path = AppDelegate.swift; sourceTree = "<group>"; };
		3A1CF1D525B4620C005F7E31 /* SceneDelegate.swift */ = {isa = PBXFileReference; lastKnownFileType = sourcecode.swift; path = SceneDelegate.swift; sourceTree = "<group>"; };
		3A1CF1D725B4620C005F7E31 /* ViewController.swift */ = {isa = PBXFileReference; lastKnownFileType = sourcecode.swift; path = ViewController.swift; sourceTree = "<group>"; };
		3A1CF1DA25B4620C005F7E31 /* Base */ = {isa = PBXFileReference; lastKnownFileType = file.storyboard; name = Base; path = Base.lproj/Main.storyboard; sourceTree = "<group>"; };
		3A1CF1DC25B4620D005F7E31 /* Assets.xcassets */ = {isa = PBXFileReference; lastKnownFileType = folder.assetcatalog; path = Assets.xcassets; sourceTree = "<group>"; };
		3A1CF1DF25B4620D005F7E31 /* Base */ = {isa = PBXFileReference; lastKnownFileType = file.storyboard; name = Base; path = Base.lproj/LaunchScreen.storyboard; sourceTree = "<group>"; };
		3A1CF1E125B4620D005F7E31 /* Info.plist */ = {isa = PBXFileReference; lastKnownFileType = text.plist.xml; path = Info.plist; sourceTree = "<group>"; };
		3A1CF1E825B498DE005F7E31 /* CircleView.xib */ = {isa = PBXFileReference; lastKnownFileType = file.xib; path = CircleView.xib; sourceTree = "<group>"; };
		3A1CF1EB25B49903005F7E31 /* CircleView.swift */ = {isa = PBXFileReference; lastKnownFileType = sourcecode.swift; path = CircleView.swift; sourceTree = "<group>"; };
/* End PBXFileReference section */

/* Begin PBXFrameworksBuildPhase section */
		3A1CF1CD25B4620C005F7E31 /* Frameworks */ = {
			isa = PBXFrameworksBuildPhase;
			buildActionMask = 2147483647;
			files = (
			);
			runOnlyForDeploymentPostprocessing = 0;
		};
/* End PBXFrameworksBuildPhase section */

/* Begin PBXGroup section */
		3A1CF1C725B4620C005F7E31 = {
			isa = PBXGroup;
			children = (
				3A1CF1D225B4620C005F7E31 /* blueCirclesGameXIB */,
				3A1CF1D125B4620C005F7E31 /* Products */,
			);
			sourceTree = "<group>";
		};
		3A1CF1D125B4620C005F7E31 /* Products */ = {
			isa = PBXGroup;
			children = (
				3A1CF1D025B4620C005F7E31 /* blueCirclesGameXIB.app */,
			);
			name = Products;
			sourceTree = "<group>";
		};
		3A1CF1D225B4620C005F7E31 /* blueCirclesGameXIB */ = {
			isa = PBXGroup;
			children = (
				3A1CF1D325B4620C005F7E31 /* AppDelegate.swift */,
				3A1CF1D525B4620C005F7E31 /* SceneDelegate.swift */,
				3A1CF1D725B4620C005F7E31 /* ViewController.swift */,
				3A1CF1E825B498DE005F7E31 /* CircleView.xib */,
				3A1CF1EB25B49903005F7E31 /* CircleView.swift */,
				3A1CF1D925B4620C005F7E31 /* Main.storyboard */,
				3A1CF1DC25B4620D005F7E31 /* Assets.xcassets */,
				3A1CF1DE25B4620D005F7E31 /* LaunchScreen.storyboard */,
				3A1CF1E125B4620D005F7E31 /* Info.plist */,
			);
			path = blueCirclesGameXIB;
			sourceTree = "<group>";
		};
/* End PBXGroup section */

/* Begin PBXNativeTarget section */
		3A1CF1CF25B4620C005F7E31 /* blueCirclesGameXIB */ = {
			isa = PBXNativeTarget;
			buildConfigurationList = 3A1CF1E425B4620D005F7E31 /* Build configuration list for PBXNativeTarget "blueCirclesGameXIB" */;
			buildPhases = (
				3A1CF1CC25B4620C005F7E31 /* Sources */,
				3A1CF1CD25B4620C005F7E31 /* Frameworks */,
				3A1CF1CE25B4620C005F7E31 /* Resources */,
			);
			buildRules = (
			);
			dependencies = (
			);
			name = blueCirclesGameXIB;
			productName = blueCirclesGameXIB;
			productReference = 3A1CF1D025B4620C005F7E31 /* blueCirclesGameXIB.app */;
			productType = "com.apple.product-type.application";
		};
/* End PBXNativeTarget section */

/* Begin PBXProject section */
		3A1CF1C825B4620C005F7E31 /* Project object */ = {
			isa = PBXProject;
			attributes = {
				LastSwiftUpdateCheck = 1200;
				LastUpgradeCheck = 1200;
				TargetAttributes = {
					3A1CF1CF25B4620C005F7E31 = {
						CreatedOnToolsVersion = 12.0.1;
					};
				};
			};
			buildConfigurationList = 3A1CF1CB25B4620C005F7E31 /* Build configuration list for PBXProject "blueCirclesGameXIB" */;
			compatibilityVersion = "Xcode 9.3";
			developmentRegion = en;
			hasScannedForEncodings = 0;
			knownRegions = (
				en,
				Base,
			);
			mainGroup = 3A1CF1C725B4620C005F7E31;
			productRefGroup = 3A1CF1D125B4620C005F7E31 /* Products */;
			projectDirPath = "";
			projectRoot = "";
			targets = (
				3A1CF1CF25B4620C005F7E31 /* blueCirclesGameXIB */,
			);
		};
/* End PBXProject section */

/* Begin PBXResourcesBuildPhase section */
		3A1CF1CE25B4620C005F7E31 /* Resources */ = {
			isa = PBXResourcesBuildPhase;
			buildActionMask = 2147483647;
			files = (
				3A1CF1E025B4620D005F7E31 /* LaunchScreen.storyboard in Resources */,
				3A1CF1E925B498DE005F7E31 /* CircleView.xib in Resources */,
				3A1CF1DD25B4620D005F7E31 /* Assets.xcassets in Resources */,
				3A1CF1DB25B4620C005F7E31 /* Main.storyboard in Resources */,
			);
			runOnlyForDeploymentPostprocessing = 0;
		};
/* End PBXResourcesBuildPhase section */

/* Begin PBXSourcesBuildPhase section */
		3A1CF1CC25B4620C005F7E31 /* Sources */ = {
			isa = PBXSourcesBuildPhase;
			buildActionMask = 2147483647;
			files = (
				3A1CF1EC25B49903005F7E31 /* CircleView.swift in Sources */,
				3A1CF1D825B4620C005F7E31 /* ViewController.swift in Sources */,
				3A1CF1D425B4620C005F7E31 /* AppDelegate.swift in Sources */,
				3A1CF1D625B4620C005F7E31 /* SceneDelegate.swift in Sources */,
			);
			runOnlyForDeploymentPostprocessing = 0;
		};
/* End PBXSourcesBuildPhase section */

/* Begin PBXVariantGroup section */
		3A1CF1D925B4620C005F7E31 /* Main.storyboard */ = {
			isa = PBXVariantGroup;
			children = (
				3A1CF1DA25B4620C005F7E31 /* Base */,
			);
			name = Main.storyboard;
			sourceTree = "<group>";
		};
		3A1CF1DE25B4620D005F7E31 /* LaunchScreen.storyboard */ = {
			isa = PBXVariantGroup;
			children = (
				3A1CF1DF25B4620D005F7E31 /* Base */,
			);
			name = LaunchScreen.storyboard;
			sourceTree = "<group>";
		};
/* End PBXVariantGroup section */

/* Begin XCBuildConfiguration section */
		3A1CF1E225B4620D005F7E31 /* Debug */ = {
			isa = XCBuildConfiguration;
			buildSettings = {
				ALWAYS_SEARCH_USER_PATHS = NO;
				CLANG_ANALYZER_NONNULL = YES;
				CLANG_ANALYZER_NUMBER_OBJECT_CONVERSION = YES_AGGRESSIVE;
				CLANG_CXX_LANGUAGE_STANDARD = "gnu++14";
				CLANG_CXX_LIBRARY = "libc++";
				CLANG_ENABLE_MODULES = YES;
				CLANG_ENABLE_OBJC_ARC = YES;
				CLANG_ENABLE_OBJC_WEAK = YES;
				CLANG_WARN_BLOCK_CAPTURE_AUTORELEASING = YES;
				CLANG_WARN_BOOL_CONVERSION = YES;
				CLANG_WARN_COMMA = YES;
				CLANG_WARN_CONSTANT_CONVERSION = YES;
				CLANG_WARN_DEPRECATED_OBJC_IMPLEMENTATIONS = YES;
				CLANG_WARN_DIRECT_OBJC_ISA_USAGE = YES_ERROR;
				CLANG_WARN_DOCUMENTATION_COMMENTS = YES;
				CLANG_WARN_EMPTY_BODY = YES;
				CLANG_WARN_ENUM_CONVERSION = YES;
				CLANG_WARN_INFINITE_RECURSION = YES;
				CLANG_WARN_INT_CONVERSION = YES;
				CLANG_WARN_NON_LITERAL_NULL_CONVERSION = YES;
				CLANG_WARN_OBJC_IMPLICIT_RETAIN_SELF = YES;
				CLANG_WARN_OBJC_LITERAL_CONVERSION = YES;
				CLANG_WARN_OBJC_ROOT_CLASS = YES_ERROR;
				CLANG_WARN_QUOTED_INCLUDE_IN_FRAMEWORK_HEADER = YES;
				CLANG_WARN_RANGE_LOOP_ANALYSIS = YES;
				CLANG_WARN_STRICT_PROTOTYPES = YES;
				CLANG_WARN_SUSPICIOUS_MOVE = YES;
				CLANG_WARN_UNGUARDED_AVAILABILITY = YES_AGGRESSIVE;
				CLANG_WARN_UNREACHABLE_CODE = YES;
				CLANG_WARN__DUPLICATE_METHOD_MATCH = YES;
				COPY_PHASE_STRIP = NO;
				DEBUG_INFORMATION_FORMAT = dwarf;
				ENABLE_STRICT_OBJC_MSGSEND = YES;
				ENABLE_TESTABILITY = YES;
				GCC_C_LANGUAGE_STANDARD = gnu11;
				GCC_DYNAMIC_NO_PIC = NO;
				GCC_NO_COMMON_BLOCKS = YES;
				GCC_OPTIMIZATION_LEVEL = 0;
				GCC_PREPROCESSOR_DEFINITIONS = (
					"DEBUG=1",
					"$(inherited)",
				);
				GCC_WARN_64_TO_32_BIT_CONVERSION = YES;
				GCC_WARN_ABOUT_RETURN_TYPE = YES_ERROR;
				GCC_WARN_UNDECLARED_SELECTOR = YES;
				GCC_WARN_UNINITIALIZED_AUTOS = YES_AGGRESSIVE;
				GCC_WARN_UNUSED_FUNCTION = YES;
				GCC_WARN_UNUSED_VARIABLE = YES;
				IPHONEOS_DEPLOYMENT_TARGET = 14.0;
				MTL_ENABLE_DEBUG_INFO = INCLUDE_SOURCE;
				MTL_FAST_MATH = YES;
				ONLY_ACTIVE_ARCH = YES;
				SDKROOT = iphoneos;
				SWIFT_ACTIVE_COMPILATION_CONDITIONS = DEBUG;
				SWIFT_OPTIMIZATION_LEVEL = "-Onone";
			};
			name = Debug;
		};
		3A1CF1E325B4620D005F7E31 /* Release */ = {
			isa = XCBuildConfiguration;
			buildSettings = {
				ALWAYS_SEARCH_USER_PATHS = NO;
				CLANG_ANALYZER_NONNULL = YES;
				CLANG_ANALYZER_NUMBER_OBJECT_CONVERSION = YES_AGGRESSIVE;
				CLANG_CXX_LANGUAGE_STANDARD = "gnu++14";
				CLANG_CXX_LIBRARY = "libc++";
				CLANG_ENABLE_MODULES = YES;
				CLANG_ENABLE_OBJC_ARC = YES;
				CLANG_ENABLE_OBJC_WEAK = YES;
				CLANG_WARN_BLOCK_CAPTURE_AUTORELEASING = YES;
				CLANG_WARN_BOOL_CONVERSION = YES;
				CLANG_WARN_COMMA = YES;
				CLANG_WARN_CONSTANT_CONVERSION = YES;
				CLANG_WARN_DEPRECATED_OBJC_IMPLEMENTATIONS = YES;
				CLANG_WARN_DIRECT_OBJC_ISA_USAGE = YES_ERROR;
				CLANG_WARN_DOCUMENTATION_COMMENTS = YES;
				CLANG_WARN_EMPTY_BODY = YES;
				CLANG_WARN_ENUM_CONVERSION = YES;
				CLANG_WARN_INFINITE_RECURSION = YES;
				CLANG_WARN_INT_CONVERSION = YES;
				CLANG_WARN_NON_LITERAL_NULL_CONVERSION = YES;
				CLANG_WARN_OBJC_IMPLICIT_RETAIN_SELF = YES;
				CLANG_WARN_OBJC_LITERAL_CONVERSION = YES;
				CLANG_WARN_OBJC_ROOT_CLASS = YES_ERROR;
				CLANG_WARN_QUOTED_INCLUDE_IN_FRAMEWORK_HEADER = YES;
				CLANG_WARN_RANGE_LOOP_ANALYSIS = YES;
				CLANG_WARN_STRICT_PROTOTYPES = YES;
				CLANG_WARN_SUSPICIOUS_MOVE = YES;
				CLANG_WARN_UNGUARDED_AVAILABILITY = YES_AGGRESSIVE;
				CLANG_WARN_UNREACHABLE_CODE = YES;
				CLANG_WARN__DUPLICATE_METHOD_MATCH = YES;
				COPY_PHASE_STRIP = NO;
				DEBUG_INFORMATION_FORMAT = "dwarf-with-dsym";
				ENABLE_NS_ASSERTIONS = NO;
				ENABLE_STRICT_OBJC_MSGSEND = YES;
				GCC_C_LANGUAGE_STANDARD = gnu11;
				GCC_NO_COMMON_BLOCKS = YES;
				GCC_WARN_64_TO_32_BIT_CONVERSION = YES;
				GCC_WARN_ABOUT_RETURN_TYPE = YES_ERROR;
				GCC_WARN_UNDECLARED_SELECTOR = YES;
				GCC_WARN_UNINITIALIZED_AUTOS = YES_AGGRESSIVE;
				GCC_WARN_UNUSED_FUNCTION = YES;
				GCC_WARN_UNUSED_VARIABLE = YES;
				IPHONEOS_DEPLOYMENT_TARGET = 14.0;
				MTL_ENABLE_DEBUG_INFO = NO;
				MTL_FAST_MATH = YES;
				SDKROOT = iphoneos;
				SWIFT_COMPILATION_MODE = wholemodule;
				SWIFT_OPTIMIZATION_LEVEL = "-O";
				VALIDATE_PRODUCT = YES;
			};
			name = Release;
		};
		3A1CF1E525B4620D005F7E31 /* Debug */ = {
			isa = XCBuildConfiguration;
			buildSettings = {
				ASSETCATALOG_COMPILER_APPICON_NAME = AppIcon;
				ASSETCATALOG_COMPILER_GLOBAL_ACCENT_COLOR_NAME = AccentColor;
				CODE_SIGN_STYLE = Automatic;
				DEVELOPMENT_TEAM = 8J73Q43L2S;
				INFOPLIST_FILE = blueCirclesGameXIB/Info.plist;
				LD_RUNPATH_SEARCH_PATHS = (
					"$(inherited)",
					"@executable_path/Frameworks",
				);
				PRODUCT_BUNDLE_IDENTIFIER = lt.1011.blueCirclesGameXIB;
				PRODUCT_NAME = "$(TARGET_NAME)";
				SWIFT_VERSION = 5.0;
				TARGETED_DEVICE_FAMILY = "1,2";
			};
			name = Debug;
		};
		3A1CF1E625B4620D005F7E31 /* Release */ = {
			isa = XCBuildConfiguration;
			buildSettings = {
				ASSETCATALOG_COMPILER_APPICON_NAME = AppIcon;
				ASSETCATALOG_COMPILER_GLOBAL_ACCENT_COLOR_NAME = AccentColor;
				CODE_SIGN_STYLE = Automatic;
				DEVELOPMENT_TEAM = 8J73Q43L2S;
				INFOPLIST_FILE = blueCirclesGameXIB/Info.plist;
				LD_RUNPATH_SEARCH_PATHS = (
					"$(inherited)",
					"@executable_path/Frameworks",
				);
				PRODUCT_BUNDLE_IDENTIFIER = lt.1011.blueCirclesGameXIB;
				PRODUCT_NAME = "$(TARGET_NAME)";
				SWIFT_VERSION = 5.0;
				TARGETED_DEVICE_FAMILY = "1,2";
			};
			name = Release;
		};
/* End XCBuildConfiguration section */

/* Begin XCConfigurationList section */
		3A1CF1CB25B4620C005F7E31 /* Build configuration list for PBXProject "blueCirclesGameXIB" */ = {
			isa = XCConfigurationList;
			buildConfigurations = (
				3A1CF1E225B4620D005F7E31 /* Debug */,
				3A1CF1E325B4620D005F7E31 /* Release */,
			);
			defaultConfigurationIsVisible = 0;
			defaultConfigurationName = Release;
		};
		3A1CF1E425B4620D005F7E31 /* Build configuration list for PBXNativeTarget "blueCirclesGameXIB" */ = {
			isa = XCConfigurationList;
			buildConfigurations = (
				3A1CF1E525B4620D005F7E31 /* Debug */,
				3A1CF1E625B4620D005F7E31 /* Release */,
			);
			defaultConfigurationIsVisible = 0;
			defaultConfigurationName = Release;
		};
/* End XCConfigurationList section */
	};
	rootObject = 3A1CF1C825B4620C005F7E31 /* Project object */;
}
